
Microsoft Visual Studio Solution File, Format Version 12.00
# Visual Studio Version 16
VisualStudioVersion = 16.0.28922.388
MinimumVisualStudioVersion = 10.0.40219.1
Project("{FAE04EC0-301F-11D3-BF4B-00C04F79EFBC}") = "CompressedPrimesCalculator", "CompressedPrimesCalculator.csproj", "{425EAE11-68BB-47EB-A073-FA33D9FF5B4C}"
EndProject
Global
	GlobalSection(SolutionConfigurationPlatforms) = preSolution
		Debug|Any CPU = Debug|Any CPU
		Release|Any CPU = Release|Any CPU
	EndGlobalSection
	GlobalSection(ProjectConfigurationPlatforms) = postSolution
		{425EAE11-68BB-47EB-A073-FA33D9FF5B4C}.Debug|Any CPU.ActiveCfg = Debug|Any CPU
		{425EAE11-68BB-47EB-A073-FA33D9FF5B4C}.Debug|Any CPU.Build.0 = Debug|Any CPU
		{425EAE11-68BB-47EB-A073-FA33D9FF5B4C}.Release|Any CPU.ActiveCfg = Release|Any CPU
		{425EAE11-68BB-47EB-A073-FA33D9FF5B4C}.Release|Any CPU.Build.0 = Release|Any CPU
	EndGlobalSection
	GlobalSection(SolutionProperties) = preSolution
		HideSolutionNode = FALSE
	EndGlobalSection
	GlobalSection(ExtensibilityGlobals) = postSolution
		SolutionGuid = {8E4E0168-9FF8-4777-BCD5-14E720C9D0EF}
	EndGlobalSection
EndGlobal
