
Microsoft Visual Studio Solution File, Format Version 12.00
# Visual Studio Version 16
VisualStudioVersion = 16.0.28922.388
MinimumVisualStudioVersion = 10.0.40219.1
Project("{FAE04EC0-301F-11D3-BF4B-00C04F79EFBC}") = "PrimaCubicula", "PrimaCubicula.csproj", "{1F5B5B2B-ED4E-486F-A1CE-D1D1D865D32B}"
EndProject
Global
	GlobalSection(SolutionConfigurationPlatforms) = preSolution
		Debug|Any CPU = Debug|Any CPU
		Release|Any CPU = Release|Any CPU
	EndGlobalSection
	GlobalSection(ProjectConfigurationPlatforms) = postSolution
		{1F5B5B2B-ED4E-486F-A1CE-D1D1D865D32B}.Debug|Any CPU.ActiveCfg = Debug|Any CPU
		{1F5B5B2B-ED4E-486F-A1CE-D1D1D865D32B}.Debug|Any CPU.Build.0 = Debug|Any CPU
		{1F5B5B2B-ED4E-486F-A1CE-D1D1D865D32B}.Release|Any CPU.ActiveCfg = Release|Any CPU
		{1F5B5B2B-ED4E-486F-A1CE-D1D1D865D32B}.Release|Any CPU.Build.0 = Release|Any CPU
	EndGlobalSection
	GlobalSection(SolutionProperties) = preSolution
		HideSolutionNode = FALSE
	EndGlobalSection
	GlobalSection(ExtensibilityGlobals) = postSolution
		SolutionGuid = {B59B176A-4575-4745-90F5-1538F66CD427}
	EndGlobalSection
EndGlobal
