
Microsoft Visual Studio Solution File, Format Version 12.00
# Visual Studio Version 16
VisualStudioVersion = 16.0.28922.388
MinimumVisualStudioVersion = 10.0.40219.1
Project("{FAE04EC0-301F-11D3-BF4B-00C04F79EFBC}") = "CubeEye", "CubeEye.csproj", "{8BE35C95-4A8B-4594-A5AB-67FDD7764B22}"
EndProject
Global
	GlobalSection(SolutionConfigurationPlatforms) = preSolution
		Debug|Any CPU = Debug|Any CPU
		Release|Any CPU = Release|Any CPU
	EndGlobalSection
	GlobalSection(ProjectConfigurationPlatforms) = postSolution
		{8BE35C95-4A8B-4594-A5AB-67FDD7764B22}.Debug|Any CPU.ActiveCfg = Debug|Any CPU
		{8BE35C95-4A8B-4594-A5AB-67FDD7764B22}.Debug|Any CPU.Build.0 = Debug|Any CPU
		{8BE35C95-4A8B-4594-A5AB-67FDD7764B22}.Release|Any CPU.ActiveCfg = Release|Any CPU
		{8BE35C95-4A8B-4594-A5AB-67FDD7764B22}.Release|Any CPU.Build.0 = Release|Any CPU
	EndGlobalSection
	GlobalSection(SolutionProperties) = preSolution
		HideSolutionNode = FALSE
	EndGlobalSection
	GlobalSection(ExtensibilityGlobals) = postSolution
		SolutionGuid = {CCAEA41D-5BB3-413F-87D6-715CF9B7F297}
	EndGlobalSection
EndGlobal
