
Microsoft Visual Studio Solution File, Format Version 12.00
# Visual Studio Version 16
VisualStudioVersion = 16.0.28922.388
MinimumVisualStudioVersion = 10.0.40219.1
Project("{FAE04EC0-301F-11D3-BF4B-00C04F79EFBC}") = "PrimesCalculator", "PrimesCalculator.csproj", "{778F7533-DC1A-4DFC-9944-89437E1F31DA}"
EndProject
Global
	GlobalSection(SolutionConfigurationPlatforms) = preSolution
		Debug|Any CPU = Debug|Any CPU
		Release|Any CPU = Release|Any CPU
	EndGlobalSection
	GlobalSection(ProjectConfigurationPlatforms) = postSolution
		{778F7533-DC1A-4DFC-9944-89437E1F31DA}.Debug|Any CPU.ActiveCfg = Debug|Any CPU
		{778F7533-DC1A-4DFC-9944-89437E1F31DA}.Debug|Any CPU.Build.0 = Debug|Any CPU
		{778F7533-DC1A-4DFC-9944-89437E1F31DA}.Release|Any CPU.ActiveCfg = Release|Any CPU
		{778F7533-DC1A-4DFC-9944-89437E1F31DA}.Release|Any CPU.Build.0 = Release|Any CPU
	EndGlobalSection
	GlobalSection(SolutionProperties) = preSolution
		HideSolutionNode = FALSE
	EndGlobalSection
	GlobalSection(ExtensibilityGlobals) = postSolution
		SolutionGuid = {C2A1D919-CA24-4DCD-8027-10C47310C03B}
	EndGlobalSection
EndGlobal
